// !$*UTF8*$!
{
	archiveVersion = 1;
	classes = {
	};
	objectVersion = 50;
	objects = {

/* Begin PBXBuildFile section */
		01CCD22622207E2E00D08C4E /* AppDelegate.swift in Sources */ = {isa = PBXBuildFile; fileRef = 01CCD22522207E2E00D08C4E /* AppDelegate.swift */; };
		01CCD22822207E2E00D08C4E /* ViewController.swift in Sources */ = {isa = PBXBuildFile; fileRef = 01CCD22722207E2E00D08C4E /* ViewController.swift */; };
		01CCD22B22207E2E00D08C4E /* Main.storyboard in Resources */ = {isa = PBXBuildFile; fileRef = 01CCD22922207E2E00D08C4E /* Main.storyboard */; };
		01CCD22D22207E2F00D08C4E /* Assets.xcassets in Resources */ = {isa = PBXBuildFile; fileRef = 01CCD22C22207E2F00D08C4E /* Assets.xcassets */; };
		01CCD23022207E2F00D08C4E /* LaunchScreen.storyboard in Resources */ = {isa = PBXBuildFile; fileRef = 01CCD22E22207E2F00D08C4E /* LaunchScreen.storyboard */; };
		01CCD23B22207E2F00D08C4E /* currency_converterTests.swift in Sources */ = {isa = PBXBuildFile; fileRef = 01CCD23A22207E2F00D08C4E /* currency_converterTests.swift */; };
/* End PBXBuildFile section */

/* Begin PBXContainerItemProxy section */
		01CCD23722207E2F00D08C4E /* PBXContainerItemProxy */ = {
			isa = PBXContainerItemProxy;
			containerPortal = 01CCD21A22207E2E00D08C4E /* Project object */;
			proxyType = 1;
			remoteGlobalIDString = 01CCD22122207E2E00D08C4E;
			remoteInfo = currency_converter;
		};
/* End PBXContainerItemProxy section */

/* Begin PBXFileReference section */
		01CCD22222207E2E00D08C4E /* currency_converter.app */ = {isa = PBXFileReference; explicitFileType = wrapper.application; includeInIndex = 0; path = currency_converter.app; sourceTree = BUILT_PRODUCTS_DIR; };
		01CCD22522207E2E00D08C4E /* AppDelegate.swift */ = {isa = PBXFileReference; lastKnownFileType = sourcecode.swift; path = AppDelegate.swift; sourceTree = "<group>"; };
		01CCD22722207E2E00D08C4E /* ViewController.swift */ = {isa = PBXFileReference; lastKnownFileType = sourcecode.swift; path = ViewController.swift; sourceTree = "<group>"; };
		01CCD22A22207E2E00D08C4E /* Base */ = {isa = PBXFileReference; lastKnownFileType = file.storyboard; name = Base; path = Base.lproj/Main.storyboard; sourceTree = "<group>"; };
		01CCD22C22207E2F00D08C4E /* Assets.xcassets */ = {isa = PBXFileReference; lastKnownFileType = folder.assetcatalog; path = Assets.xcassets; sourceTree = "<group>"; };
		01CCD22F22207E2F00D08C4E /* Base */ = {isa = PBXFileReference; lastKnownFileType = file.storyboard; name = Base; path = Base.lproj/LaunchScreen.storyboard; sourceTree = "<group>"; };
		01CCD23122207E2F00D08C4E /* Info.plist */ = {isa = PBXFileReference; lastKnownFileType = text.plist.xml; path = Info.plist; sourceTree = "<group>"; };
		01CCD23622207E2F00D08C4E /* currency_converterTests.xctest */ = {isa = PBXFileReference; explicitFileType = wrapper.cfbundle; includeInIndex = 0; path = currency_converterTests.xctest; sourceTree = BUILT_PRODUCTS_DIR; };
		01CCD23A22207E2F00D08C4E /* currency_converterTests.swift */ = {isa = PBXFileReference; lastKnownFileType = sourcecode.swift; path = currency_converterTests.swift; sourceTree = "<group>"; };
		01CCD23C22207E2F00D08C4E /* Info.plist */ = {isa = PBXFileReference; lastKnownFileType = text.plist.xml; path = Info.plist; sourceTree = "<group>"; };
/* End PBXFileReference section */

/* Begin PBXFrameworksBuildPhase section */
		01CCD21F22207E2E00D08C4E /* Frameworks */ = {
			isa = PBXFrameworksBuildPhase;
			buildActionMask = 2147483647;
			files = (
			);
			runOnlyForDeploymentPostprocessing = 0;
		};
		01CCD23322207E2F00D08C4E /* Frameworks */ = {
			isa = PBXFrameworksBuildPhase;
			buildActionMask = 2147483647;
			files = (
			);
			runOnlyForDeploymentPostprocessing = 0;
		};
/* End PBXFrameworksBuildPhase section */

/* Begin PBXGroup section */
		01CCD21922207E2E00D08C4E = {
			isa = PBXGroup;
			children = (
				01CCD22422207E2E00D08C4E /* currency_converter */,
				01CCD23922207E2F00D08C4E /* currency_converterTests */,
				01CCD22322207E2E00D08C4E /* Products */,
			);
			sourceTree = "<group>";
		};
		01CCD22322207E2E00D08C4E /* Products */ = {
			isa = PBXGroup;
			children = (
				01CCD22222207E2E00D08C4E /* currency_converter.app */,
				01CCD23622207E2F00D08C4E /* currency_converterTests.xctest */,
			);
			name = Products;
			sourceTree = "<group>";
		};
		01CCD22422207E2E00D08C4E /* currency_converter */ = {
			isa = PBXGroup;
			children = (
				01CCD22922207E2E00D08C4E /* Main.storyboard */,
				01CCD2632223092200D08C4E /* Application */,
				01CCD264222309DD00D08C4E /* Resources */,
				01CCD22722207E2E00D08C4E /* ViewController.swift */,
			);
			path = currency_converter;
			sourceTree = "<group>";
		};
		01CCD23922207E2F00D08C4E /* currency_converterTests */ = {
			isa = PBXGroup;
			children = (
				01CCD23A22207E2F00D08C4E /* currency_converterTests.swift */,
				01CCD23C22207E2F00D08C4E /* Info.plist */,
			);
			path = currency_converterTests;
			sourceTree = "<group>";
		};
		01CCD2632223092200D08C4E /* Application */ = {
			isa = PBXGroup;
			children = (
				01CCD22522207E2E00D08C4E /* AppDelegate.swift */,
				01CCD22E22207E2F00D08C4E /* LaunchScreen.storyboard */,
			);
			path = Application;
			sourceTree = "<group>";
		};
		01CCD264222309DD00D08C4E /* Resources */ = {
			isa = PBXGroup;
			children = (
				01CCD22C22207E2F00D08C4E /* Assets.xcassets */,
				01CCD23122207E2F00D08C4E /* Info.plist */,
			);
			path = Resources;
			sourceTree = "<group>";
		};
/* End PBXGroup section */

/* Begin PBXNativeTarget section */
		01CCD22122207E2E00D08C4E /* currency_converter */ = {
			isa = PBXNativeTarget;
			buildConfigurationList = 01CCD23F22207E3000D08C4E /* Build configuration list for PBXNativeTarget "currency_converter" */;
			buildPhases = (
				01CCD21E22207E2E00D08C4E /* Sources */,
				01CCD21F22207E2E00D08C4E /* Frameworks */,
				01CCD22022207E2E00D08C4E /* Resources */,
			);
			buildRules = (
			);
			dependencies = (
			);
			name = currency_converter;
			productName = currency_converter;
			productReference = 01CCD22222207E2E00D08C4E /* currency_converter.app */;
			productType = "com.apple.product-type.application";
		};
		01CCD23522207E2F00D08C4E /* currency_converterTests */ = {
			isa = PBXNativeTarget;
			buildConfigurationList = 01CCD24222207E3000D08C4E /* Build configuration list for PBXNativeTarget "currency_converterTests" */;
			buildPhases = (
				01CCD23222207E2F00D08C4E /* Sources */,
				01CCD23322207E2F00D08C4E /* Frameworks */,
				01CCD23422207E2F00D08C4E /* Resources */,
			);
			buildRules = (
			);
			dependencies = (
				01CCD23822207E2F00D08C4E /* PBXTargetDependency */,
			);
			name = currency_converterTests;
			productName = currency_converterTests;
			productReference = 01CCD23622207E2F00D08C4E /* currency_converterTests.xctest */;
			productType = "com.apple.product-type.bundle.unit-test";
		};
/* End PBXNativeTarget section */

/* Begin PBXProject section */
		01CCD21A22207E2E00D08C4E /* Project object */ = {
			isa = PBXProject;
			attributes = {
				LastSwiftUpdateCheck = 1010;
				LastUpgradeCheck = 1010;
				ORGANIZATIONNAME = chiminhTT;
				TargetAttributes = {
					01CCD22122207E2E00D08C4E = {
						CreatedOnToolsVersion = 10.1;
					};
					01CCD23522207E2F00D08C4E = {
						CreatedOnToolsVersion = 10.1;
						TestTargetID = 01CCD22122207E2E00D08C4E;
					};
				};
			};
			buildConfigurationList = 01CCD21D22207E2E00D08C4E /* Build configuration list for PBXProject "currency_converter" */;
			compatibilityVersion = "Xcode 9.3";
			developmentRegion = en;
			hasScannedForEncodings = 0;
			knownRegions = (
				en,
				Base,
			);
			mainGroup = 01CCD21922207E2E00D08C4E;
			productRefGroup = 01CCD22322207E2E00D08C4E /* Products */;
			projectDirPath = "";
			projectRoot = "";
			targets = (
				01CCD22122207E2E00D08C4E /* currency_converter */,
				01CCD23522207E2F00D08C4E /* currency_converterTests */,
			);
		};
/* End PBXProject section */

/* Begin PBXResourcesBuildPhase section */
		01CCD22022207E2E00D08C4E /* Resources */ = {
			isa = PBXResourcesBuildPhase;
			buildActionMask = 2147483647;
			files = (
				01CCD23022207E2F00D08C4E /* LaunchScreen.storyboard in Resources */,
				01CCD22D22207E2F00D08C4E /* Assets.xcassets in Resources */,
				01CCD22B22207E2E00D08C4E /* Main.storyboard in Resources */,
			);
			runOnlyForDeploymentPostprocessing = 0;
		};
		01CCD23422207E2F00D08C4E /* Resources */ = {
			isa = PBXResourcesBuildPhase;
			buildActionMask = 2147483647;
			files = (
			);
			runOnlyForDeploymentPostprocessing = 0;
		};
/* End PBXResourcesBuildPhase section */

/* Begin PBXSourcesBuildPhase section */
		01CCD21E22207E2E00D08C4E /* Sources */ = {
			isa = PBXSourcesBuildPhase;
			buildActionMask = 2147483647;
			files = (
				01CCD22822207E2E00D08C4E /* ViewController.swift in Sources */,
				01CCD22622207E2E00D08C4E /* AppDelegate.swift in Sources */,
			);
			runOnlyForDeploymentPostprocessing = 0;
		};
		01CCD23222207E2F00D08C4E /* Sources */ = {
			isa = PBXSourcesBuildPhase;
			buildActionMask = 2147483647;
			files = (
				01CCD23B22207E2F00D08C4E /* currency_converterTests.swift in Sources */,
			);
			runOnlyForDeploymentPostprocessing = 0;
		};
/* End PBXSourcesBuildPhase section */

/* Begin PBXTargetDependency section */
		01CCD23822207E2F00D08C4E /* PBXTargetDependency */ = {
			isa = PBXTargetDependency;
			target = 01CCD22122207E2E00D08C4E /* currency_converter */;
			targetProxy = 01CCD23722207E2F00D08C4E /* PBXContainerItemProxy */;
		};
/* End PBXTargetDependency section */

/* Begin PBXVariantGroup section */
		01CCD22922207E2E00D08C4E /* Main.storyboard */ = {
			isa = PBXVariantGroup;
			children = (
				01CCD22A22207E2E00D08C4E /* Base */,
			);
			name = Main.storyboard;
			sourceTree = "<group>";
		};
		01CCD22E22207E2F00D08C4E /* LaunchScreen.storyboard */ = {
			isa = PBXVariantGroup;
			children = (
				01CCD22F22207E2F00D08C4E /* Base */,
			);
			name = LaunchScreen.storyboard;
			sourceTree = "<group>";
		};
/* End PBXVariantGroup section */

/* Begin XCBuildConfiguration section */
		01CCD23D22207E3000D08C4E /* Debug */ = {
			isa = XCBuildConfiguration;
			buildSettings = {
				ALWAYS_SEARCH_USER_PATHS = NO;
				CLANG_ANALYZER_NONNULL = YES;
				CLANG_ANALYZER_NUMBER_OBJECT_CONVERSION = YES_AGGRESSIVE;
				CLANG_CXX_LANGUAGE_STANDARD = "gnu++14";
				CLANG_CXX_LIBRARY = "libc++";
				CLANG_ENABLE_MODULES = YES;
				CLANG_ENABLE_OBJC_ARC = YES;
				CLANG_ENABLE_OBJC_WEAK = YES;
				CLANG_WARN_BLOCK_CAPTURE_AUTORELEASING = YES;
				CLANG_WARN_BOOL_CONVERSION = YES;
				CLANG_WARN_COMMA = YES;
				CLANG_WARN_CONSTANT_CONVERSION = YES;
				CLANG_WARN_DEPRECATED_OBJC_IMPLEMENTATIONS = YES;
				CLANG_WARN_DIRECT_OBJC_ISA_USAGE = YES_ERROR;
				CLANG_WARN_DOCUMENTATION_COMMENTS = YES;
				CLANG_WARN_EMPTY_BODY = YES;
				CLANG_WARN_ENUM_CONVERSION = YES;
				CLANG_WARN_INFINITE_RECURSION = YES;
				CLANG_WARN_INT_CONVERSION = YES;
				CLANG_WARN_NON_LITERAL_NULL_CONVERSION = YES;
				CLANG_WARN_OBJC_IMPLICIT_RETAIN_SELF = YES;
				CLANG_WARN_OBJC_LITERAL_CONVERSION = YES;
				CLANG_WARN_OBJC_ROOT_CLASS = YES_ERROR;
				CLANG_WARN_RANGE_LOOP_ANALYSIS = YES;
				CLANG_WARN_STRICT_PROTOTYPES = YES;
				CLANG_WARN_SUSPICIOUS_MOVE = YES;
				CLANG_WARN_UNGUARDED_AVAILABILITY = YES_AGGRESSIVE;
				CLANG_WARN_UNREACHABLE_CODE = YES;
				CLANG_WARN__DUPLICATE_METHOD_MATCH = YES;
				CODE_SIGN_IDENTITY = "iPhone Developer";
				COPY_PHASE_STRIP = NO;
				DEBUG_INFORMATION_FORMAT = dwarf;
				ENABLE_STRICT_OBJC_MSGSEND = YES;
				ENABLE_TESTABILITY = YES;
				GCC_C_LANGUAGE_STANDARD = gnu11;
				GCC_DYNAMIC_NO_PIC = NO;
				GCC_NO_COMMON_BLOCKS = YES;
				GCC_OPTIMIZATION_LEVEL = 0;
				GCC_PREPROCESSOR_DEFINITIONS = (
					"DEBUG=1",
					"$(inherited)",
				);
				GCC_WARN_64_TO_32_BIT_CONVERSION = YES;
				GCC_WARN_ABOUT_RETURN_TYPE = YES_ERROR;
				GCC_WARN_UNDECLARED_SELECTOR = YES;
				GCC_WARN_UNINITIALIZED_AUTOS = YES_AGGRESSIVE;
				GCC_WARN_UNUSED_FUNCTION = YES;
				GCC_WARN_UNUSED_VARIABLE = YES;
				IPHONEOS_DEPLOYMENT_TARGET = 12.1;
				MTL_ENABLE_DEBUG_INFO = INCLUDE_SOURCE;
				MTL_FAST_MATH = YES;
				ONLY_ACTIVE_ARCH = YES;
				SDKROOT = iphoneos;
				SWIFT_ACTIVE_COMPILATION_CONDITIONS = DEBUG;
				SWIFT_OPTIMIZATION_LEVEL = "-Onone";
			};
			name = Debug;
		};
		01CCD23E22207E3000D08C4E /* Release */ = {
			isa = XCBuildConfiguration;
			buildSettings = {
				ALWAYS_SEARCH_USER_PATHS = NO;
				CLANG_ANALYZER_NONNULL = YES;
				CLANG_ANALYZER_NUMBER_OBJECT_CONVERSION = YES_AGGRESSIVE;
				CLANG_CXX_LANGUAGE_STANDARD = "gnu++14";
				CLANG_CXX_LIBRARY = "libc++";
				CLANG_ENABLE_MODULES = YES;
				CLANG_ENABLE_OBJC_ARC = YES;
				CLANG_ENABLE_OBJC_WEAK = YES;
				CLANG_WARN_BLOCK_CAPTURE_AUTORELEASING = YES;
				CLANG_WARN_BOOL_CONVERSION = YES;
				CLANG_WARN_COMMA = YES;
				CLANG_WARN_CONSTANT_CONVERSION = YES;
				CLANG_WARN_DEPRECATED_OBJC_IMPLEMENTATIONS = YES;
				CLANG_WARN_DIRECT_OBJC_ISA_USAGE = YES_ERROR;
				CLANG_WARN_DOCUMENTATION_COMMENTS = YES;
				CLANG_WARN_EMPTY_BODY = YES;
				CLANG_WARN_ENUM_CONVERSION = YES;
				CLANG_WARN_INFINITE_RECURSION = YES;
				CLANG_WARN_INT_CONVERSION = YES;
				CLANG_WARN_NON_LITERAL_NULL_CONVERSION = YES;
				CLANG_WARN_OBJC_IMPLICIT_RETAIN_SELF = YES;
				CLANG_WARN_OBJC_LITERAL_CONVERSION = YES;
				CLANG_WARN_OBJC_ROOT_CLASS = YES_ERROR;
				CLANG_WARN_RANGE_LOOP_ANALYSIS = YES;
				CLANG_WARN_STRICT_PROTOTYPES = YES;
				CLANG_WARN_SUSPICIOUS_MOVE = YES;
				CLANG_WARN_UNGUARDED_AVAILABILITY = YES_AGGRESSIVE;
				CLANG_WARN_UNREACHABLE_CODE = YES;
				CLANG_WARN__DUPLICATE_METHOD_MATCH = YES;
				CODE_SIGN_IDENTITY = "iPhone Developer";
				COPY_PHASE_STRIP = NO;
				DEBUG_INFORMATION_FORMAT = "dwarf-with-dsym";
				ENABLE_NS_ASSERTIONS = NO;
				ENABLE_STRICT_OBJC_MSGSEND = YES;
				GCC_C_LANGUAGE_STANDARD = gnu11;
				GCC_NO_COMMON_BLOCKS = YES;
				GCC_WARN_64_TO_32_BIT_CONVERSION = YES;
				GCC_WARN_ABOUT_RETURN_TYPE = YES_ERROR;
				GCC_WARN_UNDECLARED_SELECTOR = YES;
				GCC_WARN_UNINITIALIZED_AUTOS = YES_AGGRESSIVE;
				GCC_WARN_UNUSED_FUNCTION = YES;
				GCC_WARN_UNUSED_VARIABLE = YES;
				IPHONEOS_DEPLOYMENT_TARGET = 12.1;
				MTL_ENABLE_DEBUG_INFO = NO;
				MTL_FAST_MATH = YES;
				SDKROOT = iphoneos;
				SWIFT_COMPILATION_MODE = wholemodule;
				SWIFT_OPTIMIZATION_LEVEL = "-O";
				VALIDATE_PRODUCT = YES;
			};
			name = Release;
		};
		01CCD24022207E3000D08C4E /* Debug */ = {
			isa = XCBuildConfiguration;
			buildSettings = {
				ASSETCATALOG_COMPILER_APPICON_NAME = AppIcon;
				CODE_SIGN_STYLE = Automatic;
				INFOPLIST_FILE = currency_converter/resources/Info.plist;
				IPHONEOS_DEPLOYMENT_TARGET = 11.0;
				LD_RUNPATH_SEARCH_PATHS = (
					"$(inherited)",
					"@executable_path/Frameworks",
				);
				PRODUCT_BUNDLE_IDENTIFIER = "chiminhTT.currency-converter";
				PRODUCT_NAME = "$(TARGET_NAME)";
				SWIFT_VERSION = 4.2;
				TARGETED_DEVICE_FAMILY = "1,2";
			};
			name = Debug;
		};
		01CCD24122207E3000D08C4E /* Release */ = {
			isa = XCBuildConfiguration;
			buildSettings = {
				ASSETCATALOG_COMPILER_APPICON_NAME = AppIcon;
				CODE_SIGN_STYLE = Automatic;
				INFOPLIST_FILE = currency_converter/resources/Info.plist;
				IPHONEOS_DEPLOYMENT_TARGET = 11.0;
				LD_RUNPATH_SEARCH_PATHS = (
					"$(inherited)",
					"@executable_path/Frameworks",
				);
				PRODUCT_BUNDLE_IDENTIFIER = "chiminhTT.currency-converter";
				PRODUCT_NAME = "$(TARGET_NAME)";
				SWIFT_VERSION = 4.2;
				TARGETED_DEVICE_FAMILY = "1,2";
			};
			name = Release;
		};
		01CCD24322207E3000D08C4E /* Debug */ = {
			isa = XCBuildConfiguration;
			buildSettings = {
				ALWAYS_EMBED_SWIFT_STANDARD_LIBRARIES = YES;
				BUNDLE_LOADER = "$(TEST_HOST)";
				CODE_SIGN_STYLE = Automatic;
				INFOPLIST_FILE = currency_converterTests/Info.plist;
				LD_RUNPATH_SEARCH_PATHS = (
					"$(inherited)",
					"@executable_path/Frameworks",
					"@loader_path/Frameworks",
				);
				PRODUCT_BUNDLE_IDENTIFIER = "chiminhTT.currency-converterTests";
				PRODUCT_NAME = "$(TARGET_NAME)";
				SWIFT_VERSION = 4.2;
				TARGETED_DEVICE_FAMILY = "1,2";
				TEST_HOST = "$(BUILT_PRODUCTS_DIR)/currency_converter.app/currency_converter";
			};
			name = Debug;
		};
		01CCD24422207E3000D08C4E /* Release */ = {
			isa = XCBuildConfiguration;
			buildSettings = {
				ALWAYS_EMBED_SWIFT_STANDARD_LIBRARIES = YES;
				BUNDLE_LOADER = "$(TEST_HOST)";
				CODE_SIGN_STYLE = Automatic;
				INFOPLIST_FILE = currency_converterTests/Info.plist;
				LD_RUNPATH_SEARCH_PATHS = (
					"$(inherited)",
					"@executable_path/Frameworks",
					"@loader_path/Frameworks",
				);
				PRODUCT_BUNDLE_IDENTIFIER = "chiminhTT.currency-converterTests";
				PRODUCT_NAME = "$(TARGET_NAME)";
				SWIFT_VERSION = 4.2;
				TARGETED_DEVICE_FAMILY = "1,2";
				TEST_HOST = "$(BUILT_PRODUCTS_DIR)/currency_converter.app/currency_converter";
			};
			name = Release;
		};
/* End XCBuildConfiguration section */

/* Begin XCConfigurationList section */
		01CCD21D22207E2E00D08C4E /* Build configuration list for PBXProject "currency_converter" */ = {
			isa = XCConfigurationList;
			buildConfigurations = (
				01CCD23D22207E3000D08C4E /* Debug */,
				01CCD23E22207E3000D08C4E /* Release */,
			);
			defaultConfigurationIsVisible = 0;
			defaultConfigurationName = Release;
		};
		01CCD23F22207E3000D08C4E /* Build configuration list for PBXNativeTarget "currency_converter" */ = {
			isa = XCConfigurationList;
			buildConfigurations = (
				01CCD24022207E3000D08C4E /* Debug */,
				01CCD24122207E3000D08C4E /* Release */,
			);
			defaultConfigurationIsVisible = 0;
			defaultConfigurationName = Release;
		};
		01CCD24222207E3000D08C4E /* Build configuration list for PBXNativeTarget "currency_converterTests" */ = {
			isa = XCConfigurationList;
			buildConfigurations = (
				01CCD24322207E3000D08C4E /* Debug */,
				01CCD24422207E3000D08C4E /* Release */,
			);
			defaultConfigurationIsVisible = 0;
			defaultConfigurationName = Release;
		};
/* End XCConfigurationList section */
	};
	rootObject = 01CCD21A22207E2E00D08C4E /* Project object */;
}
