// !$*UTF8*$!
{
	archiveVersion = 1;
	classes = {
	};
	objectVersion = 50;
	objects = {

/* Begin PBXBuildFile section */
		010EAB172220729500F2E234 /* AppDelegate.swift in Sources */ = {isa = PBXBuildFile; fileRef = 010EAB162220729500F2E234 /* AppDelegate.swift */; };
		010EAB192220729500F2E234 /* ViewController.swift in Sources */ = {isa = PBXBuildFile; fileRef = 010EAB182220729500F2E234 /* ViewController.swift */; };
		010EAB1C2220729500F2E234 /* Main.storyboard in Resources */ = {isa = PBXBuildFile; fileRef = 010EAB1A2220729500F2E234 /* Main.storyboard */; };
		010EAB1E2220729600F2E234 /* Assets.xcassets in Resources */ = {isa = PBXBuildFile; fileRef = 010EAB1D2220729600F2E234 /* Assets.xcassets */; };
		010EAB212220729600F2E234 /* LaunchScreen.storyboard in Resources */ = {isa = PBXBuildFile; fileRef = 010EAB1F2220729600F2E234 /* LaunchScreen.storyboard */; };
		010EAB2C2220729700F2E234 /* currency_converterUITests.swift in Sources */ = {isa = PBXBuildFile; fileRef = 010EAB2B2220729700F2E234 /* currency_converterUITests.swift */; };
/* End PBXBuildFile section */

/* Begin PBXContainerItemProxy section */
		010EAB282220729700F2E234 /* PBXContainerItemProxy */ = {
			isa = PBXContainerItemProxy;
			containerPortal = 010EAB0B2220729500F2E234 /* Project object */;
			proxyType = 1;
			remoteGlobalIDString = 010EAB122220729500F2E234;
			remoteInfo = currency_converter;
		};
/* End PBXContainerItemProxy section */

/* Begin PBXFileReference section */
		010EAB132220729500F2E234 /* currency_converter.app */ = {isa = PBXFileReference; explicitFileType = wrapper.application; includeInIndex = 0; path = currency_converter.app; sourceTree = BUILT_PRODUCTS_DIR; };
		010EAB162220729500F2E234 /* AppDelegate.swift */ = {isa = PBXFileReference; lastKnownFileType = sourcecode.swift; path = AppDelegate.swift; sourceTree = "<group>"; };
		010EAB182220729500F2E234 /* ViewController.swift */ = {isa = PBXFileReference; lastKnownFileType = sourcecode.swift; path = ViewController.swift; sourceTree = "<group>"; };
		010EAB1B2220729500F2E234 /* Base */ = {isa = PBXFileReference; lastKnownFileType = file.storyboard; name = Base; path = Base.lproj/Main.storyboard; sourceTree = "<group>"; };
		010EAB1D2220729600F2E234 /* Assets.xcassets */ = {isa = PBXFileReference; lastKnownFileType = folder.assetcatalog; path = Assets.xcassets; sourceTree = "<group>"; };
		010EAB202220729600F2E234 /* Base */ = {isa = PBXFileReference; lastKnownFileType = file.storyboard; name = Base; path = Base.lproj/LaunchScreen.storyboard; sourceTree = "<group>"; };
		010EAB222220729700F2E234 /* Info.plist */ = {isa = PBXFileReference; lastKnownFileType = text.plist.xml; path = Info.plist; sourceTree = "<group>"; };
		010EAB272220729700F2E234 /* currency_converterUITests.xctest */ = {isa = PBXFileReference; explicitFileType = wrapper.cfbundle; includeInIndex = 0; path = currency_converterUITests.xctest; sourceTree = BUILT_PRODUCTS_DIR; };
		010EAB2B2220729700F2E234 /* currency_converterUITests.swift */ = {isa = PBXFileReference; lastKnownFileType = sourcecode.swift; path = currency_converterUITests.swift; sourceTree = "<group>"; };
		010EAB2D2220729700F2E234 /* Info.plist */ = {isa = PBXFileReference; lastKnownFileType = text.plist.xml; path = Info.plist; sourceTree = "<group>"; };
/* End PBXFileReference section */

/* Begin PBXFrameworksBuildPhase section */
		010EAB102220729500F2E234 /* Frameworks */ = {
			isa = PBXFrameworksBuildPhase;
			buildActionMask = 2147483647;
			files = (
			);
			runOnlyForDeploymentPostprocessing = 0;
		};
		010EAB242220729700F2E234 /* Frameworks */ = {
			isa = PBXFrameworksBuildPhase;
			buildActionMask = 2147483647;
			files = (
			);
			runOnlyForDeploymentPostprocessing = 0;
		};
/* End PBXFrameworksBuildPhase section */

/* Begin PBXGroup section */
		010EAB0A2220729500F2E234 = {
			isa = PBXGroup;
			children = (
				010EAB152220729500F2E234 /* currency_converter */,
				010EAB2A2220729700F2E234 /* currency_converterUITests */,
				010EAB142220729500F2E234 /* Products */,
			);
			sourceTree = "<group>";
		};
		010EAB142220729500F2E234 /* Products */ = {
			isa = PBXGroup;
			children = (
				010EAB132220729500F2E234 /* currency_converter.app */,
				010EAB272220729700F2E234 /* currency_converterUITests.xctest */,
			);
			name = Products;
			sourceTree = "<group>";
		};
		010EAB152220729500F2E234 /* currency_converter */ = {
			isa = PBXGroup;
			children = (
				010EAB162220729500F2E234 /* AppDelegate.swift */,
				010EAB182220729500F2E234 /* ViewController.swift */,
				010EAB1A2220729500F2E234 /* Main.storyboard */,
				010EAB1D2220729600F2E234 /* Assets.xcassets */,
				010EAB1F2220729600F2E234 /* LaunchScreen.storyboard */,
				010EAB222220729700F2E234 /* Info.plist */,
			);
			path = currency_converter;
			sourceTree = "<group>";
		};
		010EAB2A2220729700F2E234 /* currency_converterUITests */ = {
			isa = PBXGroup;
			children = (
				010EAB2B2220729700F2E234 /* currency_converterUITests.swift */,
				010EAB2D2220729700F2E234 /* Info.plist */,
			);
			path = currency_converterUITests;
			sourceTree = "<group>";
		};
/* End PBXGroup section */

/* Begin PBXNativeTarget section */
		010EAB122220729500F2E234 /* currency_converter */ = {
			isa = PBXNativeTarget;
			buildConfigurationList = 010EAB302220729700F2E234 /* Build configuration list for PBXNativeTarget "currency_converter" */;
			buildPhases = (
				010EAB0F2220729500F2E234 /* Sources */,
				010EAB102220729500F2E234 /* Frameworks */,
				010EAB112220729500F2E234 /* Resources */,
			);
			buildRules = (
			);
			dependencies = (
			);
			name = currency_converter;
			productName = currency_converter;
			productReference = 010EAB132220729500F2E234 /* currency_converter.app */;
			productType = "com.apple.product-type.application";
		};
		010EAB262220729700F2E234 /* currency_converterUITests */ = {
			isa = PBXNativeTarget;
			buildConfigurationList = 010EAB332220729700F2E234 /* Build configuration list for PBXNativeTarget "currency_converterUITests" */;
			buildPhases = (
				010EAB232220729700F2E234 /* Sources */,
				010EAB242220729700F2E234 /* Frameworks */,
				010EAB252220729700F2E234 /* Resources */,
			);
			buildRules = (
			);
			dependencies = (
				010EAB292220729700F2E234 /* PBXTargetDependency */,
			);
			name = currency_converterUITests;
			productName = currency_converterUITests;
			productReference = 010EAB272220729700F2E234 /* currency_converterUITests.xctest */;
			productType = "com.apple.product-type.bundle.ui-testing";
		};
/* End PBXNativeTarget section */

/* Begin PBXProject section */
		010EAB0B2220729500F2E234 /* Project object */ = {
			isa = PBXProject;
			attributes = {
				LastSwiftUpdateCheck = 1000;
				LastUpgradeCheck = 1000;
				ORGANIZATIONNAME = chiminhTT;
				TargetAttributes = {
					010EAB122220729500F2E234 = {
						CreatedOnToolsVersion = 10.0;
					};
					010EAB262220729700F2E234 = {
						CreatedOnToolsVersion = 10.0;
						TestTargetID = 010EAB122220729500F2E234;
					};
				};
			};
			buildConfigurationList = 010EAB0E2220729500F2E234 /* Build configuration list for PBXProject "currency_converter" */;
			compatibilityVersion = "Xcode 9.3";
			developmentRegion = en;
			hasScannedForEncodings = 0;
			knownRegions = (
				en,
				Base,
			);
			mainGroup = 010EAB0A2220729500F2E234;
			productRefGroup = 010EAB142220729500F2E234 /* Products */;
			projectDirPath = "";
			projectRoot = "";
			targets = (
				010EAB122220729500F2E234 /* currency_converter */,
				010EAB262220729700F2E234 /* currency_converterUITests */,
			);
		};
/* End PBXProject section */

/* Begin PBXResourcesBuildPhase section */
		010EAB112220729500F2E234 /* Resources */ = {
			isa = PBXResourcesBuildPhase;
			buildActionMask = 2147483647;
			files = (
				010EAB212220729600F2E234 /* LaunchScreen.storyboard in Resources */,
				010EAB1E2220729600F2E234 /* Assets.xcassets in Resources */,
				010EAB1C2220729500F2E234 /* Main.storyboard in Resources */,
			);
			runOnlyForDeploymentPostprocessing = 0;
		};
		010EAB252220729700F2E234 /* Resources */ = {
			isa = PBXResourcesBuildPhase;
			buildActionMask = 2147483647;
			files = (
			);
			runOnlyForDeploymentPostprocessing = 0;
		};
/* End PBXResourcesBuildPhase section */

/* Begin PBXSourcesBuildPhase section */
		010EAB0F2220729500F2E234 /* Sources */ = {
			isa = PBXSourcesBuildPhase;
			buildActionMask = 2147483647;
			files = (
				010EAB192220729500F2E234 /* ViewController.swift in Sources */,
				010EAB172220729500F2E234 /* AppDelegate.swift in Sources */,
			);
			runOnlyForDeploymentPostprocessing = 0;
		};
		010EAB232220729700F2E234 /* Sources */ = {
			isa = PBXSourcesBuildPhase;
			buildActionMask = 2147483647;
			files = (
				010EAB2C2220729700F2E234 /* currency_converterUITests.swift in Sources */,
			);
			runOnlyForDeploymentPostprocessing = 0;
		};
/* End PBXSourcesBuildPhase section */

/* Begin PBXTargetDependency section */
		010EAB292220729700F2E234 /* PBXTargetDependency */ = {
			isa = PBXTargetDependency;
			target = 010EAB122220729500F2E234 /* currency_converter */;
			targetProxy = 010EAB282220729700F2E234 /* PBXContainerItemProxy */;
		};
/* End PBXTargetDependency section */

/* Begin PBXVariantGroup section */
		010EAB1A2220729500F2E234 /* Main.storyboard */ = {
			isa = PBXVariantGroup;
			children = (
				010EAB1B2220729500F2E234 /* Base */,
			);
			name = Main.storyboard;
			sourceTree = "<group>";
		};
		010EAB1F2220729600F2E234 /* LaunchScreen.storyboard */ = {
			isa = PBXVariantGroup;
			children = (
				010EAB202220729600F2E234 /* Base */,
			);
			name = LaunchScreen.storyboard;
			sourceTree = "<group>";
		};
/* End PBXVariantGroup section */

/* Begin XCBuildConfiguration section */
		010EAB2E2220729700F2E234 /* Debug */ = {
			isa = XCBuildConfiguration;
			buildSettings = {
				ALWAYS_SEARCH_USER_PATHS = NO;
				CLANG_ANALYZER_NONNULL = YES;
				CLANG_ANALYZER_NUMBER_OBJECT_CONVERSION = YES_AGGRESSIVE;
				CLANG_CXX_LANGUAGE_STANDARD = "gnu++14";
				CLANG_CXX_LIBRARY = "libc++";
				CLANG_ENABLE_MODULES = YES;
				CLANG_ENABLE_OBJC_ARC = YES;
				CLANG_ENABLE_OBJC_WEAK = YES;
				CLANG_WARN_BLOCK_CAPTURE_AUTORELEASING = YES;
				CLANG_WARN_BOOL_CONVERSION = YES;
				CLANG_WARN_COMMA = YES;
				CLANG_WARN_CONSTANT_CONVERSION = YES;
				CLANG_WARN_DEPRECATED_OBJC_IMPLEMENTATIONS = YES;
				CLANG_WARN_DIRECT_OBJC_ISA_USAGE = YES_ERROR;
				CLANG_WARN_DOCUMENTATION_COMMENTS = YES;
				CLANG_WARN_EMPTY_BODY = YES;
				CLANG_WARN_ENUM_CONVERSION = YES;
				CLANG_WARN_INFINITE_RECURSION = YES;
				CLANG_WARN_INT_CONVERSION = YES;
				CLANG_WARN_NON_LITERAL_NULL_CONVERSION = YES;
				CLANG_WARN_OBJC_IMPLICIT_RETAIN_SELF = YES;
				CLANG_WARN_OBJC_LITERAL_CONVERSION = YES;
				CLANG_WARN_OBJC_ROOT_CLASS = YES_ERROR;
				CLANG_WARN_RANGE_LOOP_ANALYSIS = YES;
				CLANG_WARN_STRICT_PROTOTYPES = YES;
				CLANG_WARN_SUSPICIOUS_MOVE = YES;
				CLANG_WARN_UNGUARDED_AVAILABILITY = YES_AGGRESSIVE;
				CLANG_WARN_UNREACHABLE_CODE = YES;
				CLANG_WARN__DUPLICATE_METHOD_MATCH = YES;
				CODE_SIGN_IDENTITY = "iPhone Developer";
				COPY_PHASE_STRIP = NO;
				DEBUG_INFORMATION_FORMAT = dwarf;
				ENABLE_STRICT_OBJC_MSGSEND = YES;
				ENABLE_TESTABILITY = YES;
				GCC_C_LANGUAGE_STANDARD = gnu11;
				GCC_DYNAMIC_NO_PIC = NO;
				GCC_NO_COMMON_BLOCKS = YES;
				GCC_OPTIMIZATION_LEVEL = 0;
				GCC_PREPROCESSOR_DEFINITIONS = (
					"DEBUG=1",
					"$(inherited)",
				);
				GCC_WARN_64_TO_32_BIT_CONVERSION = YES;
				GCC_WARN_ABOUT_RETURN_TYPE = YES_ERROR;
				GCC_WARN_UNDECLARED_SELECTOR = YES;
				GCC_WARN_UNINITIALIZED_AUTOS = YES_AGGRESSIVE;
				GCC_WARN_UNUSED_FUNCTION = YES;
				GCC_WARN_UNUSED_VARIABLE = YES;
				IPHONEOS_DEPLOYMENT_TARGET = 12.0;
				MTL_ENABLE_DEBUG_INFO = INCLUDE_SOURCE;
				MTL_FAST_MATH = YES;
				ONLY_ACTIVE_ARCH = YES;
				SDKROOT = iphoneos;
				SWIFT_ACTIVE_COMPILATION_CONDITIONS = DEBUG;
				SWIFT_OPTIMIZATION_LEVEL = "-Onone";
			};
			name = Debug;
		};
		010EAB2F2220729700F2E234 /* Release */ = {
			isa = XCBuildConfiguration;
			buildSettings = {
				ALWAYS_SEARCH_USER_PATHS = NO;
				CLANG_ANALYZER_NONNULL = YES;
				CLANG_ANALYZER_NUMBER_OBJECT_CONVERSION = YES_AGGRESSIVE;
				CLANG_CXX_LANGUAGE_STANDARD = "gnu++14";
				CLANG_CXX_LIBRARY = "libc++";
				CLANG_ENABLE_MODULES = YES;
				CLANG_ENABLE_OBJC_ARC = YES;
				CLANG_ENABLE_OBJC_WEAK = YES;
				CLANG_WARN_BLOCK_CAPTURE_AUTORELEASING = YES;
				CLANG_WARN_BOOL_CONVERSION = YES;
				CLANG_WARN_COMMA = YES;
				CLANG_WARN_CONSTANT_CONVERSION = YES;
				CLANG_WARN_DEPRECATED_OBJC_IMPLEMENTATIONS = YES;
				CLANG_WARN_DIRECT_OBJC_ISA_USAGE = YES_ERROR;
				CLANG_WARN_DOCUMENTATION_COMMENTS = YES;
				CLANG_WARN_EMPTY_BODY = YES;
				CLANG_WARN_ENUM_CONVERSION = YES;
				CLANG_WARN_INFINITE_RECURSION = YES;
				CLANG_WARN_INT_CONVERSION = YES;
				CLANG_WARN_NON_LITERAL_NULL_CONVERSION = YES;
				CLANG_WARN_OBJC_IMPLICIT_RETAIN_SELF = YES;
				CLANG_WARN_OBJC_LITERAL_CONVERSION = YES;
				CLANG_WARN_OBJC_ROOT_CLASS = YES_ERROR;
				CLANG_WARN_RANGE_LOOP_ANALYSIS = YES;
				CLANG_WARN_STRICT_PROTOTYPES = YES;
				CLANG_WARN_SUSPICIOUS_MOVE = YES;
				CLANG_WARN_UNGUARDED_AVAILABILITY = YES_AGGRESSIVE;
				CLANG_WARN_UNREACHABLE_CODE = YES;
				CLANG_WARN__DUPLICATE_METHOD_MATCH = YES;
				CODE_SIGN_IDENTITY = "iPhone Developer";
				COPY_PHASE_STRIP = NO;
				DEBUG_INFORMATION_FORMAT = "dwarf-with-dsym";
				ENABLE_NS_ASSERTIONS = NO;
				ENABLE_STRICT_OBJC_MSGSEND = YES;
				GCC_C_LANGUAGE_STANDARD = gnu11;
				GCC_NO_COMMON_BLOCKS = YES;
				GCC_WARN_64_TO_32_BIT_CONVERSION = YES;
				GCC_WARN_ABOUT_RETURN_TYPE = YES_ERROR;
				GCC_WARN_UNDECLARED_SELECTOR = YES;
				GCC_WARN_UNINITIALIZED_AUTOS = YES_AGGRESSIVE;
				GCC_WARN_UNUSED_FUNCTION = YES;
				GCC_WARN_UNUSED_VARIABLE = YES;
				IPHONEOS_DEPLOYMENT_TARGET = 12.0;
				MTL_ENABLE_DEBUG_INFO = NO;
				MTL_FAST_MATH = YES;
				SDKROOT = iphoneos;
				SWIFT_COMPILATION_MODE = wholemodule;
				SWIFT_OPTIMIZATION_LEVEL = "-O";
				VALIDATE_PRODUCT = YES;
			};
			name = Release;
		};
		010EAB312220729700F2E234 /* Debug */ = {
			isa = XCBuildConfiguration;
			buildSettings = {
				ASSETCATALOG_COMPILER_APPICON_NAME = AppIcon;
				CODE_SIGN_STYLE = Automatic;
				INFOPLIST_FILE = currency_converter/Info.plist;
				IPHONEOS_DEPLOYMENT_TARGET = 11.0;
				LD_RUNPATH_SEARCH_PATHS = (
					"$(inherited)",
					"@executable_path/Frameworks",
				);
				PRODUCT_BUNDLE_IDENTIFIER = "chiminhTT.currency-converter";
				PRODUCT_NAME = "$(TARGET_NAME)";
				SWIFT_VERSION = 4.2;
				TARGETED_DEVICE_FAMILY = "1,2";
			};
			name = Debug;
		};
		010EAB322220729700F2E234 /* Release */ = {
			isa = XCBuildConfiguration;
			buildSettings = {
				ASSETCATALOG_COMPILER_APPICON_NAME = AppIcon;
				CODE_SIGN_STYLE = Automatic;
				INFOPLIST_FILE = currency_converter/Info.plist;
				IPHONEOS_DEPLOYMENT_TARGET = 11.0;
				LD_RUNPATH_SEARCH_PATHS = (
					"$(inherited)",
					"@executable_path/Frameworks",
				);
				PRODUCT_BUNDLE_IDENTIFIER = "chiminhTT.currency-converter";
				PRODUCT_NAME = "$(TARGET_NAME)";
				SWIFT_VERSION = 4.2;
				TARGETED_DEVICE_FAMILY = "1,2";
			};
			name = Release;
		};
		010EAB342220729700F2E234 /* Debug */ = {
			isa = XCBuildConfiguration;
			buildSettings = {
				ALWAYS_EMBED_SWIFT_STANDARD_LIBRARIES = YES;
				CODE_SIGN_STYLE = Automatic;
				INFOPLIST_FILE = currency_converterUITests/Info.plist;
				LD_RUNPATH_SEARCH_PATHS = (
					"$(inherited)",
					"@executable_path/Frameworks",
					"@loader_path/Frameworks",
				);
				PRODUCT_BUNDLE_IDENTIFIER = "chiminhTT.currency-converterUITests";
				PRODUCT_NAME = "$(TARGET_NAME)";
				SWIFT_VERSION = 4.2;
				TARGETED_DEVICE_FAMILY = "1,2";
				TEST_TARGET_NAME = currency_converter;
			};
			name = Debug;
		};
		010EAB352220729700F2E234 /* Release */ = {
			isa = XCBuildConfiguration;
			buildSettings = {
				ALWAYS_EMBED_SWIFT_STANDARD_LIBRARIES = YES;
				CODE_SIGN_STYLE = Automatic;
				INFOPLIST_FILE = currency_converterUITests/Info.plist;
				LD_RUNPATH_SEARCH_PATHS = (
					"$(inherited)",
					"@executable_path/Frameworks",
					"@loader_path/Frameworks",
				);
				PRODUCT_BUNDLE_IDENTIFIER = "chiminhTT.currency-converterUITests";
				PRODUCT_NAME = "$(TARGET_NAME)";
				SWIFT_VERSION = 4.2;
				TARGETED_DEVICE_FAMILY = "1,2";
				TEST_TARGET_NAME = currency_converter;
			};
			name = Release;
		};
/* End XCBuildConfiguration section */

/* Begin XCConfigurationList section */
		010EAB0E2220729500F2E234 /* Build configuration list for PBXProject "currency_converter" */ = {
			isa = XCConfigurationList;
			buildConfigurations = (
				010EAB2E2220729700F2E234 /* Debug */,
				010EAB2F2220729700F2E234 /* Release */,
			);
			defaultConfigurationIsVisible = 0;
			defaultConfigurationName = Release;
		};
		010EAB302220729700F2E234 /* Build configuration list for PBXNativeTarget "currency_converter" */ = {
			isa = XCConfigurationList;
			buildConfigurations = (
				010EAB312220729700F2E234 /* Debug */,
				010EAB322220729700F2E234 /* Release */,
			);
			defaultConfigurationIsVisible = 0;
			defaultConfigurationName = Release;
		};
		010EAB332220729700F2E234 /* Build configuration list for PBXNativeTarget "currency_converterUITests" */ = {
			isa = XCConfigurationList;
			buildConfigurations = (
				010EAB342220729700F2E234 /* Debug */,
				010EAB352220729700F2E234 /* Release */,
			);
			defaultConfigurationIsVisible = 0;
			defaultConfigurationName = Release;
		};
/* End XCConfigurationList section */
	};
	rootObject = 010EAB0B2220729500F2E234 /* Project object */;
}
